
Microsoft Visual Studio Solution File, Format Version 12.00
# Visual Studio Version 17
VisualStudioVersion = 17.13.35825.156
MinimumVisualStudioVersion = 10.0.40219.1
Project("{FAE04EC0-301F-11D3-BF4B-00C04F79EFBC}") = "StockAlarmSystem", "StockAlarmSystem.csproj", "{358A2D08-8F01-4BD9-80D1-64BE0A7738E7}"
EndProject
Project("{FAE04EC0-301F-11D3-BF4B-00C04F79EFBC}") = "StockAlarmLibrary", "..\StockAlarmLibrary\StockAlarmLibrary.csproj", "{D52C36CF-34D1-48E7-A1C2-87BE9783F4B8}"
EndProject
Global
	GlobalSection(SolutionConfigurationPlatforms) = preSolution
		Debug|Any CPU = Debug|Any CPU
		Release|Any CPU = Release|Any CPU
	EndGlobalSection
	GlobalSection(ProjectConfigurationPlatforms) = postSolution
		{358A2D08-8F01-4BD9-80D1-64BE0A7738E7}.Debug|Any CPU.ActiveCfg = Debug|Any CPU
		{358A2D08-8F01-4BD9-80D1-64BE0A7738E7}.Debug|Any CPU.Build.0 = Debug|Any CPU
		{358A2D08-8F01-4BD9-80D1-64BE0A7738E7}.Release|Any CPU.ActiveCfg = Release|Any CPU
		{358A2D08-8F01-4BD9-80D1-64BE0A7738E7}.Release|Any CPU.Build.0 = Release|Any CPU
		{D52C36CF-34D1-48E7-A1C2-87BE9783F4B8}.Debug|Any CPU.ActiveCfg = Debug|Any CPU
		{D52C36CF-34D1-48E7-A1C2-87BE9783F4B8}.Debug|Any CPU.Build.0 = Debug|Any CPU
		{D52C36CF-34D1-48E7-A1C2-87BE9783F4B8}.Release|Any CPU.ActiveCfg = Release|Any CPU
		{D52C36CF-34D1-48E7-A1C2-87BE9783F4B8}.Release|Any CPU.Build.0 = Release|Any CPU
	EndGlobalSection
	GlobalSection(SolutionProperties) = preSolution
		HideSolutionNode = FALSE
	EndGlobalSection
	GlobalSection(ExtensibilityGlobals) = postSolution
		SolutionGuid = {AD265082-0CD0-4FBF-A4C1-D98C1E3E4A09}
	EndGlobalSection
EndGlobal
